# THIS IS AN AUTOGENERATED FILE. DO NOT EDIT THIS FILE DIRECTLY.
# yarn lockfile v1


angular-animate@^1.6.1:
  version "1.6.1"
  resolved "https://registry.yarnpkg.com/angular-animate/-/angular-animate-1.6.1.tgz#19e3b82b7392e2bbdd83af33c0af0d85437f3a14"

angular-aria@^1.6.1:
  version "1.6.1"
  resolved "https://registry.yarnpkg.com/angular-aria/-/angular-aria-1.6.1.tgz#0fcbf1152b4c26e8671daddea7443a1b983434b9"

angular-material@^1.1.1:
  version "1.1.1"
  resolved "https://registry.yarnpkg.com/angular-material/-/angular-material-1.1.1.tgz#ed12f394ba71a9189d664115624f6787a7439af2"

angular-messages@^1.6.1:
  version "1.6.1"
  resolved "https://registry.yarnpkg.com/angular-messages/-/angular-messages-1.6.1.tgz#da9546d94b55eb152daaa9b9147059f7dec81435"

angular-sanitize@^1.6.1:
  version "1.6.1"
  resolved "https://registry.yarnpkg.com/angular-sanitize/-/angular-sanitize-1.6.1.tgz#cacffec3199ed66297afbb1ef366ec66616b3b3f"

angular-ui-router@^0.3.2:
  version "0.3.2"
  resolved "https://registry.yarnpkg.com/angular-ui-router/-/angular-ui-router-0.3.2.tgz#c27e0496309c99218d5655985b164a096ab520a9"
  dependencies:
    angular "^1.0.8"

angular@^1.0.8, angular@^1.6.1:
  version "1.6.1"
  resolved "https://registry.yarnpkg.com/angular/-/angular-1.6.1.tgz#a7b6d763a74c157325692619e97257e69d9b6a27"

font-awesome@^4.7.0:
  version "4.7.0"
  resolved "https://registry.yarnpkg.com/font-awesome/-/font-awesome-4.7.0.tgz#8fa8cf0411a1a31afd07b06d2902bb9fc815a133"

toastr@^2.1.2:
  version "2.1.2"
  resolved "https://registry.yarnpkg.com/toastr/-/toastr-2.1.2.tgz#fd69066ae7578a5b3357725fc9c7c335e9b681df"
